// !$*UTF8*$!
{
	archiveVersion = 1;
	classes = {
	};
	objectVersion = 48;
	objects = {

/* Begin PBXBuildFile section */
		7692F9FF20E0B76900B6FAD1 /* AppDelegate.m in Sources */ = {isa = PBXBuildFile; fileRef = 7692F9FE20E0B76900B6FAD1 /* AppDelegate.m */; };
		7692FA0220E0B76900B6FAD1 /* ViewController.m in Sources */ = {isa = PBXBuildFile; fileRef = 7692FA0120E0B76900B6FAD1 /* ViewController.m */; };
		7692FA0520E0B76900B6FAD1 /* Main.storyboard in Resources */ = {isa = PBXBuildFile; fileRef = 7692FA0320E0B76900B6FAD1 /* Main.storyboard */; };
		7692FA0720E0B76900B6FAD1 /* Assets.xcassets in Resources */ = {isa = PBXBuildFile; fileRef = 7692FA0620E0B76900B6FAD1 /* Assets.xcassets */; };
		7692FA0A20E0B76900B6FAD1 /* LaunchScreen.storyboard in Resources */ = {isa = PBXBuildFile; fileRef = 7692FA0820E0B76900B6FAD1 /* LaunchScreen.storyboard */; };
		7692FA0D20E0B76900B6FAD1 /* main.m in Sources */ = {isa = PBXBuildFile; fileRef = 7692FA0C20E0B76900B6FAD1 /* main.m */; };
		7692FA1520E0B78800B6FAD1 /* VideoToolbox.framework in Frameworks */ = {isa = PBXBuildFile; fileRef = 7692FA1420E0B78800B6FAD1 /* VideoToolbox.framework */; };
/* End PBXBuildFile section */

/* Begin PBXFileReference section */
		7692F9FA20E0B76900B6FAD1 /* VideoToolBoxEncodeH264.app */ = {isa = PBXFileReference; explicitFileType = wrapper.application; includeInIndex = 0; path = VideoToolBoxEncodeH264.app; sourceTree = BUILT_PRODUCTS_DIR; };
		7692F9FD20E0B76900B6FAD1 /* AppDelegate.h */ = {isa = PBXFileReference; lastKnownFileType = sourcecode.c.h; path = AppDelegate.h; sourceTree = "<group>"; };
		7692F9FE20E0B76900B6FAD1 /* AppDelegate.m */ = {isa = PBXFileReference; lastKnownFileType = sourcecode.c.objc; path = AppDelegate.m; sourceTree = "<group>"; };
		7692FA0020E0B76900B6FAD1 /* ViewController.h */ = {isa = PBXFileReference; lastKnownFileType = sourcecode.c.h; path = ViewController.h; sourceTree = "<group>"; };
		7692FA0120E0B76900B6FAD1 /* ViewController.m */ = {isa = PBXFileReference; lastKnownFileType = sourcecode.c.objc; path = ViewController.m; sourceTree = "<group>"; };
		7692FA0420E0B76900B6FAD1 /* Base */ = {isa = PBXFileReference; lastKnownFileType = file.storyboard; name = Base; path = Base.lproj/Main.storyboard; sourceTree = "<group>"; };
		7692FA0620E0B76900B6FAD1 /* Assets.xcassets */ = {isa = PBXFileReference; lastKnownFileType = folder.assetcatalog; path = Assets.xcassets; sourceTree = "<group>"; };
		7692FA0920E0B76900B6FAD1 /* Base */ = {isa = PBXFileReference; lastKnownFileType = file.storyboard; name = Base; path = Base.lproj/LaunchScreen.storyboard; sourceTree = "<group>"; };
		7692FA0B20E0B76900B6FAD1 /* Info.plist */ = {isa = PBXFileReference; lastKnownFileType = text.plist.xml; path = Info.plist; sourceTree = "<group>"; };
		7692FA0C20E0B76900B6FAD1 /* main.m */ = {isa = PBXFileReference; lastKnownFileType = sourcecode.c.objc; path = main.m; sourceTree = "<group>"; };
		7692FA1420E0B78800B6FAD1 /* VideoToolbox.framework */ = {isa = PBXFileReference; lastKnownFileType = wrapper.framework; name = VideoToolbox.framework; path = System/Library/Frameworks/VideoToolbox.framework; sourceTree = SDKROOT; };
/* End PBXFileReference section */

/* Begin PBXFrameworksBuildPhase section */
		7692F9F720E0B76900B6FAD1 /* Frameworks */ = {
			isa = PBXFrameworksBuildPhase;
			buildActionMask = 2147483647;
			files = (
				7692FA1520E0B78800B6FAD1 /* VideoToolbox.framework in Frameworks */,
			);
			runOnlyForDeploymentPostprocessing = 0;
		};
/* End PBXFrameworksBuildPhase section */

/* Begin PBXGroup section */
		7692F9F120E0B76900B6FAD1 = {
			isa = PBXGroup;
			children = (
				7692F9FC20E0B76900B6FAD1 /* VideoToolBoxEncodeH264 */,
				7692F9FB20E0B76900B6FAD1 /* Products */,
				7692FA1320E0B78800B6FAD1 /* Frameworks */,
			);
			sourceTree = "<group>";
		};
		7692F9FB20E0B76900B6FAD1 /* Products */ = {
			isa = PBXGroup;
			children = (
				7692F9FA20E0B76900B6FAD1 /* VideoToolBoxEncodeH264.app */,
			);
			name = Products;
			sourceTree = "<group>";
		};
		7692F9FC20E0B76900B6FAD1 /* VideoToolBoxEncodeH264 */ = {
			isa = PBXGroup;
			children = (
				7692F9FD20E0B76900B6FAD1 /* AppDelegate.h */,
				7692F9FE20E0B76900B6FAD1 /* AppDelegate.m */,
				7692FA0020E0B76900B6FAD1 /* ViewController.h */,
				7692FA0120E0B76900B6FAD1 /* ViewController.m */,
				7692FA0320E0B76900B6FAD1 /* Main.storyboard */,
				7692FA0620E0B76900B6FAD1 /* Assets.xcassets */,
				7692FA0820E0B76900B6FAD1 /* LaunchScreen.storyboard */,
				7692FA0B20E0B76900B6FAD1 /* Info.plist */,
				7692FA0C20E0B76900B6FAD1 /* main.m */,
			);
			path = VideoToolBoxEncodeH264;
			sourceTree = "<group>";
		};
		7692FA1320E0B78800B6FAD1 /* Frameworks */ = {
			isa = PBXGroup;
			children = (
				7692FA1420E0B78800B6FAD1 /* VideoToolbox.framework */,
			);
			name = Frameworks;
			sourceTree = "<group>";
		};
/* End PBXGroup section */

/* Begin PBXNativeTarget section */
		7692F9F920E0B76900B6FAD1 /* VideoToolBoxEncodeH264 */ = {
			isa = PBXNativeTarget;
			buildConfigurationList = 7692FA1020E0B76900B6FAD1 /* Build configuration list for PBXNativeTarget "VideoToolBoxEncodeH264" */;
			buildPhases = (
				7692F9F620E0B76900B6FAD1 /* Sources */,
				7692F9F720E0B76900B6FAD1 /* Frameworks */,
				7692F9F820E0B76900B6FAD1 /* Resources */,
			);
			buildRules = (
			);
			dependencies = (
			);
			name = VideoToolBoxEncodeH264;
			productName = VideoToolBoxEncodeH264;
			productReference = 7692F9FA20E0B76900B6FAD1 /* VideoToolBoxEncodeH264.app */;
			productType = "com.apple.product-type.application";
		};
/* End PBXNativeTarget section */

/* Begin PBXProject section */
		7692F9F220E0B76900B6FAD1 /* Project object */ = {
			isa = PBXProject;
			attributes = {
				LastUpgradeCheck = 0920;
				ORGANIZATIONNAME = AnDong;
				TargetAttributes = {
					7692F9F920E0B76900B6FAD1 = {
						CreatedOnToolsVersion = 9.2;
						ProvisioningStyle = Automatic;
					};
				};
			};
			buildConfigurationList = 7692F9F520E0B76900B6FAD1 /* Build configuration list for PBXProject "VideoToolBoxEncodeH264" */;
			compatibilityVersion = "Xcode 8.0";
			developmentRegion = en;
			hasScannedForEncodings = 0;
			knownRegions = (
				en,
				Base,
			);
			mainGroup = 7692F9F120E0B76900B6FAD1;
			productRefGroup = 7692F9FB20E0B76900B6FAD1 /* Products */;
			projectDirPath = "";
			projectRoot = "";
			targets = (
				7692F9F920E0B76900B6FAD1 /* VideoToolBoxEncodeH264 */,
			);
		};
/* End PBXProject section */

/* Begin PBXResourcesBuildPhase section */
		7692F9F820E0B76900B6FAD1 /* Resources */ = {
			isa = PBXResourcesBuildPhase;
			buildActionMask = 2147483647;
			files = (
				7692FA0A20E0B76900B6FAD1 /* LaunchScreen.storyboard in Resources */,
				7692FA0720E0B76900B6FAD1 /* Assets.xcassets in Resources */,
				7692FA0520E0B76900B6FAD1 /* Main.storyboard in Resources */,
			);
			runOnlyForDeploymentPostprocessing = 0;
		};
/* End PBXResourcesBuildPhase section */

/* Begin PBXSourcesBuildPhase section */
		7692F9F620E0B76900B6FAD1 /* Sources */ = {
			isa = PBXSourcesBuildPhase;
			buildActionMask = 2147483647;
			files = (
				7692FA0220E0B76900B6FAD1 /* ViewController.m in Sources */,
				7692FA0D20E0B76900B6FAD1 /* main.m in Sources */,
				7692F9FF20E0B76900B6FAD1 /* AppDelegate.m in Sources */,
			);
			runOnlyForDeploymentPostprocessing = 0;
		};
/* End PBXSourcesBuildPhase section */

/* Begin PBXVariantGroup section */
		7692FA0320E0B76900B6FAD1 /* Main.storyboard */ = {
			isa = PBXVariantGroup;
			children = (
				7692FA0420E0B76900B6FAD1 /* Base */,
			);
			name = Main.storyboard;
			sourceTree = "<group>";
		};
		7692FA0820E0B76900B6FAD1 /* LaunchScreen.storyboard */ = {
			isa = PBXVariantGroup;
			children = (
				7692FA0920E0B76900B6FAD1 /* Base */,
			);
			name = LaunchScreen.storyboard;
			sourceTree = "<group>";
		};
/* End PBXVariantGroup section */

/* Begin XCBuildConfiguration section */
		7692FA0E20E0B76900B6FAD1 /* Debug */ = {
			isa = XCBuildConfiguration;
			buildSettings = {
				ALWAYS_SEARCH_USER_PATHS = NO;
				CLANG_ANALYZER_NONNULL = YES;
				CLANG_ANALYZER_NUMBER_OBJECT_CONVERSION = YES_AGGRESSIVE;
				CLANG_CXX_LANGUAGE_STANDARD = "gnu++14";
				CLANG_CXX_LIBRARY = "libc++";
				CLANG_ENABLE_MODULES = YES;
				CLANG_ENABLE_OBJC_ARC = YES;
				CLANG_WARN_BLOCK_CAPTURE_AUTORELEASING = YES;
				CLANG_WARN_BOOL_CONVERSION = YES;
				CLANG_WARN_COMMA = YES;
				CLANG_WARN_CONSTANT_CONVERSION = YES;
				CLANG_WARN_DIRECT_OBJC_ISA_USAGE = YES_ERROR;
				CLANG_WARN_DOCUMENTATION_COMMENTS = YES;
				CLANG_WARN_EMPTY_BODY = YES;
				CLANG_WARN_ENUM_CONVERSION = YES;
				CLANG_WARN_INFINITE_RECURSION = YES;
				CLANG_WARN_INT_CONVERSION = YES;
				CLANG_WARN_NON_LITERAL_NULL_CONVERSION = YES;
				CLANG_WARN_OBJC_LITERAL_CONVERSION = YES;
				CLANG_WARN_OBJC_ROOT_CLASS = YES_ERROR;
				CLANG_WARN_RANGE_LOOP_ANALYSIS = YES;
				CLANG_WARN_STRICT_PROTOTYPES = YES;
				CLANG_WARN_SUSPICIOUS_MOVE = YES;
				CLANG_WARN_UNGUARDED_AVAILABILITY = YES_AGGRESSIVE;
				CLANG_WARN_UNREACHABLE_CODE = YES;
				CLANG_WARN__DUPLICATE_METHOD_MATCH = YES;
				CODE_SIGN_IDENTITY = "iPhone Developer";
				COPY_PHASE_STRIP = NO;
				DEBUG_INFORMATION_FORMAT = dwarf;
				ENABLE_STRICT_OBJC_MSGSEND = YES;
				ENABLE_TESTABILITY = YES;
				GCC_C_LANGUAGE_STANDARD = gnu11;
				GCC_DYNAMIC_NO_PIC = NO;
				GCC_NO_COMMON_BLOCKS = YES;
				GCC_OPTIMIZATION_LEVEL = 0;
				GCC_PREPROCESSOR_DEFINITIONS = (
					"DEBUG=1",
					"$(inherited)",
				);
				GCC_WARN_64_TO_32_BIT_CONVERSION = YES;
				GCC_WARN_ABOUT_RETURN_TYPE = YES_ERROR;
				GCC_WARN_UNDECLARED_SELECTOR = YES;
				GCC_WARN_UNINITIALIZED_AUTOS = YES_AGGRESSIVE;
				GCC_WARN_UNUSED_FUNCTION = YES;
				GCC_WARN_UNUSED_VARIABLE = YES;
				IPHONEOS_DEPLOYMENT_TARGET = 11.2;
				MTL_ENABLE_DEBUG_INFO = YES;
				ONLY_ACTIVE_ARCH = YES;
				SDKROOT = iphoneos;
			};
			name = Debug;
		};
		7692FA0F20E0B76900B6FAD1 /* Release */ = {
			isa = XCBuildConfiguration;
			buildSettings = {
				ALWAYS_SEARCH_USER_PATHS = NO;
				CLANG_ANALYZER_NONNULL = YES;
				CLANG_ANALYZER_NUMBER_OBJECT_CONVERSION = YES_AGGRESSIVE;
				CLANG_CXX_LANGUAGE_STANDARD = "gnu++14";
				CLANG_CXX_LIBRARY = "libc++";
				CLANG_ENABLE_MODULES = YES;
				CLANG_ENABLE_OBJC_ARC = YES;
				CLANG_WARN_BLOCK_CAPTURE_AUTORELEASING = YES;
				CLANG_WARN_BOOL_CONVERSION = YES;
				CLANG_WARN_COMMA = YES;
				CLANG_WARN_CONSTANT_CONVERSION = YES;
				CLANG_WARN_DIRECT_OBJC_ISA_USAGE = YES_ERROR;
				CLANG_WARN_DOCUMENTATION_COMMENTS = YES;
				CLANG_WARN_EMPTY_BODY = YES;
				CLANG_WARN_ENUM_CONVERSION = YES;
				CLANG_WARN_INFINITE_RECURSION = YES;
				CLANG_WARN_INT_CONVERSION = YES;
				CLANG_WARN_NON_LITERAL_NULL_CONVERSION = YES;
				CLANG_WARN_OBJC_LITERAL_CONVERSION = YES;
				CLANG_WARN_OBJC_ROOT_CLASS = YES_ERROR;
				CLANG_WARN_RANGE_LOOP_ANALYSIS = YES;
				CLANG_WARN_STRICT_PROTOTYPES = YES;
				CLANG_WARN_SUSPICIOUS_MOVE = YES;
				CLANG_WARN_UNGUARDED_AVAILABILITY = YES_AGGRESSIVE;
				CLANG_WARN_UNREACHABLE_CODE = YES;
				CLANG_WARN__DUPLICATE_METHOD_MATCH = YES;
				CODE_SIGN_IDENTITY = "iPhone Developer";
				COPY_PHASE_STRIP = NO;
				DEBUG_INFORMATION_FORMAT = "dwarf-with-dsym";
				ENABLE_NS_ASSERTIONS = NO;
				ENABLE_STRICT_OBJC_MSGSEND = YES;
				GCC_C_LANGUAGE_STANDARD = gnu11;
				GCC_NO_COMMON_BLOCKS = YES;
				GCC_WARN_64_TO_32_BIT_CONVERSION = YES;
				GCC_WARN_ABOUT_RETURN_TYPE = YES_ERROR;
				GCC_WARN_UNDECLARED_SELECTOR = YES;
				GCC_WARN_UNINITIALIZED_AUTOS = YES_AGGRESSIVE;
				GCC_WARN_UNUSED_FUNCTION = YES;
				GCC_WARN_UNUSED_VARIABLE = YES;
				IPHONEOS_DEPLOYMENT_TARGET = 11.2;
				MTL_ENABLE_DEBUG_INFO = NO;
				SDKROOT = iphoneos;
				VALIDATE_PRODUCT = YES;
			};
			name = Release;
		};
		7692FA1120E0B76900B6FAD1 /* Debug */ = {
			isa = XCBuildConfiguration;
			buildSettings = {
				ASSETCATALOG_COMPILER_APPICON_NAME = AppIcon;
				CODE_SIGN_STYLE = Automatic;
				DEVELOPMENT_TEAM = F2347ZTV6T;
				INFOPLIST_FILE = VideoToolBoxEncodeH264/Info.plist;
				LD_RUNPATH_SEARCH_PATHS = "$(inherited) @executable_path/Frameworks";
				PRODUCT_BUNDLE_IDENTIFIER = ACE.VideoToolBoxEncodeH264;
				PRODUCT_NAME = "$(TARGET_NAME)";
				TARGETED_DEVICE_FAMILY = "1,2";
			};
			name = Debug;
		};
		7692FA1220E0B76900B6FAD1 /* Release */ = {
			isa = XCBuildConfiguration;
			buildSettings = {
				ASSETCATALOG_COMPILER_APPICON_NAME = AppIcon;
				CODE_SIGN_STYLE = Automatic;
				DEVELOPMENT_TEAM = F2347ZTV6T;
				INFOPLIST_FILE = VideoToolBoxEncodeH264/Info.plist;
				LD_RUNPATH_SEARCH_PATHS = "$(inherited) @executable_path/Frameworks";
				PRODUCT_BUNDLE_IDENTIFIER = ACE.VideoToolBoxEncodeH264;
				PRODUCT_NAME = "$(TARGET_NAME)";
				TARGETED_DEVICE_FAMILY = "1,2";
			};
			name = Release;
		};
/* End XCBuildConfiguration section */

/* Begin XCConfigurationList section */
		7692F9F520E0B76900B6FAD1 /* Build configuration list for PBXProject "VideoToolBoxEncodeH264" */ = {
			isa = XCConfigurationList;
			buildConfigurations = (
				7692FA0E20E0B76900B6FAD1 /* Debug */,
				7692FA0F20E0B76900B6FAD1 /* Release */,
			);
			defaultConfigurationIsVisible = 0;
			defaultConfigurationName = Release;
		};
		7692FA1020E0B76900B6FAD1 /* Build configuration list for PBXNativeTarget "VideoToolBoxEncodeH264" */ = {
			isa = XCConfigurationList;
			buildConfigurations = (
				7692FA1120E0B76900B6FAD1 /* Debug */,
				7692FA1220E0B76900B6FAD1 /* Release */,
			);
			defaultConfigurationIsVisible = 0;
			defaultConfigurationName = Release;
		};
/* End XCConfigurationList section */
	};
	rootObject = 7692F9F220E0B76900B6FAD1 /* Project object */;
}
